
Microsoft Visual Studio Solution File, Format Version 12.00
# Visual Studio Version 17
VisualStudioVersion = 17.0.32014.148
MinimumVisualStudioVersion = 10.0.40219.1
Project("{FAE04EC0-301F-11D3-BF4B-00C04F79EFBC}") = "Zadaca3", "Zadaca2\Zadaca3.csproj", "{D1202C9C-CA63-4E1B-866B-13DBA1904B4C}"
EndProject
Project("{FAE04EC0-301F-11D3-BF4B-00C04F79EFBC}") = "UnitTestZadaca2", "UnitTestZadaca2\UnitTestZadaca2.csproj", "{E4755F8C-E809-42E1-9AF4-E49FC25961C4}"
EndProject
Global
	GlobalSection(SolutionConfigurationPlatforms) = preSolution
		Debug|Any CPU = Debug|Any CPU
		Release|Any CPU = Release|Any CPU
	EndGlobalSection
	GlobalSection(ProjectConfigurationPlatforms) = postSolution
		{D1202C9C-CA63-4E1B-866B-13DBA1904B4C}.Debug|Any CPU.ActiveCfg = Debug|Any CPU
		{D1202C9C-CA63-4E1B-866B-13DBA1904B4C}.Debug|Any CPU.Build.0 = Debug|Any CPU
		{D1202C9C-CA63-4E1B-866B-13DBA1904B4C}.Release|Any CPU.ActiveCfg = Release|Any CPU
		{D1202C9C-CA63-4E1B-866B-13DBA1904B4C}.Release|Any CPU.Build.0 = Release|Any CPU
		{E4755F8C-E809-42E1-9AF4-E49FC25961C4}.Debug|Any CPU.ActiveCfg = Debug|Any CPU
		{E4755F8C-E809-42E1-9AF4-E49FC25961C4}.Debug|Any CPU.Build.0 = Debug|Any CPU
		{E4755F8C-E809-42E1-9AF4-E49FC25961C4}.Release|Any CPU.ActiveCfg = Release|Any CPU
		{E4755F8C-E809-42E1-9AF4-E49FC25961C4}.Release|Any CPU.Build.0 = Release|Any CPU
	EndGlobalSection
	GlobalSection(SolutionProperties) = preSolution
		HideSolutionNode = FALSE
	EndGlobalSection
	GlobalSection(ExtensibilityGlobals) = postSolution
		SolutionGuid = {EEDF0358-01E6-4BE2-8CB7-0EEA89877A0A}
	EndGlobalSection
EndGlobal
